
Microsoft Visual Studio Solution File, Format Version 12.00
# Visual Studio 2013
VisualStudioVersion = 12.0.40629.0
MinimumVisualStudioVersion = 10.0.40219.1
Project("{F2A71F9B-5D33-465A-A702-920D77279786}") = "MaillingList", "MaillingList\MaillingList.fsproj", "{727244F4-9D51-40C9-BBCC-906C1A90C120}"
EndProject
Global
	GlobalSection(SolutionConfigurationPlatforms) = preSolution
		Debug|Any CPU = Debug|Any CPU
		Release|Any CPU = Release|Any CPU
	EndGlobalSection
	GlobalSection(ProjectConfigurationPlatforms) = postSolution
		{727244F4-9D51-40C9-BBCC-906C1A90C120}.Debug|Any CPU.ActiveCfg = Debug|Any CPU
		{727244F4-9D51-40C9-BBCC-906C1A90C120}.Debug|Any CPU.Build.0 = Debug|Any CPU
		{727244F4-9D51-40C9-BBCC-906C1A90C120}.Release|Any CPU.ActiveCfg = Release|Any CPU
		{727244F4-9D51-40C9-BBCC-906C1A90C120}.Release|Any CPU.Build.0 = Release|Any CPU
	EndGlobalSection
	GlobalSection(SolutionProperties) = preSolution
		HideSolutionNode = FALSE
	EndGlobalSection
EndGlobal
